
Microsoft Visual Studio Solution File, Format Version 12.00
# Visual Studio Version 17
VisualStudioVersion = 17.3.32929.385
MinimumVisualStudioVersion = 10.0.40219.1
Project("{FAE04EC0-301F-11D3-BF4B-00C04F79EFBC}") = "hw-lesson-47", "hw-lesson-47.csproj", "{BA290D6A-8406-482E-A1B8-B7CAF402851B}"
EndProject
Global
	GlobalSection(SolutionConfigurationPlatforms) = preSolution
		Debug|Any CPU = Debug|Any CPU
		Release|Any CPU = Release|Any CPU
	EndGlobalSection
	GlobalSection(ProjectConfigurationPlatforms) = postSolution
		{BA290D6A-8406-482E-A1B8-B7CAF402851B}.Debug|Any CPU.ActiveCfg = Debug|Any CPU
		{BA290D6A-8406-482E-A1B8-B7CAF402851B}.Debug|Any CPU.Build.0 = Debug|Any CPU
		{BA290D6A-8406-482E-A1B8-B7CAF402851B}.Release|Any CPU.ActiveCfg = Release|Any CPU
		{BA290D6A-8406-482E-A1B8-B7CAF402851B}.Release|Any CPU.Build.0 = Release|Any CPU
	EndGlobalSection
	GlobalSection(SolutionProperties) = preSolution
		HideSolutionNode = FALSE
	EndGlobalSection
	GlobalSection(ExtensibilityGlobals) = postSolution
		SolutionGuid = {A59AD8EB-C9CA-4D8E-B72E-192323001C43}
	EndGlobalSection
EndGlobal
